
Microsoft Visual Studio Solution File, Format Version 12.00
# Visual Studio Version 17
VisualStudioVersion = 17.1.32127.271
MinimumVisualStudioVersion = 10.0.40219.1
Project("{FAE04EC0-301F-11D3-BF4B-00C04F79EFBC}") = "AnimeWatching", "AnimeWatching\AnimeWatching.csproj", "{C473DD5D-702D-4569-8248-B3640EE7A7B5}"
EndProject
Project("{54435603-DBB4-11D2-8724-00A0C9A8B90C}") = "AnimeWatchingSetup", "AnimeWatchingSetup\AnimeWatchingSetup.vdproj", "{A14D82AB-3344-4D0F-98F0-43E1FDAF1BAA}"
EndProject
Global
	GlobalSection(SolutionConfigurationPlatforms) = preSolution
		Debug|Any CPU = Debug|Any CPU
		Debug|ARM = Debug|ARM
		Debug|ARM64 = Debug|ARM64
		Debug|x64 = Debug|x64
		Debug|x86 = Debug|x86
		Release|Any CPU = Release|Any CPU
		Release|ARM = Release|ARM
		Release|ARM64 = Release|ARM64
		Release|x64 = Release|x64
		Release|x86 = Release|x86
	EndGlobalSection
	GlobalSection(ProjectConfigurationPlatforms) = postSolution
		{C473DD5D-702D-4569-8248-B3640EE7A7B5}.Debug|Any CPU.ActiveCfg = Debug|Any CPU
		{C473DD5D-702D-4569-8248-B3640EE7A7B5}.Debug|Any CPU.Build.0 = Debug|Any CPU
		{C473DD5D-702D-4569-8248-B3640EE7A7B5}.Debug|ARM.ActiveCfg = Debug|Any CPU
		{C473DD5D-702D-4569-8248-B3640EE7A7B5}.Debug|ARM.Build.0 = Debug|Any CPU
		{C473DD5D-702D-4569-8248-B3640EE7A7B5}.Debug|ARM64.ActiveCfg = Debug|Any CPU
		{C473DD5D-702D-4569-8248-B3640EE7A7B5}.Debug|ARM64.Build.0 = Debug|Any CPU
		{C473DD5D-702D-4569-8248-B3640EE7A7B5}.Debug|x64.ActiveCfg = Debug|Any CPU
		{C473DD5D-702D-4569-8248-B3640EE7A7B5}.Debug|x64.Build.0 = Debug|Any CPU
		{C473DD5D-702D-4569-8248-B3640EE7A7B5}.Debug|x86.ActiveCfg = Debug|Win32
		{C473DD5D-702D-4569-8248-B3640EE7A7B5}.Debug|x86.Build.0 = Debug|Win32
		{C473DD5D-702D-4569-8248-B3640EE7A7B5}.Release|Any CPU.ActiveCfg = Release|Any CPU
		{C473DD5D-702D-4569-8248-B3640EE7A7B5}.Release|Any CPU.Build.0 = Release|Any CPU
		{C473DD5D-702D-4569-8248-B3640EE7A7B5}.Release|ARM.ActiveCfg = Release|Any CPU
		{C473DD5D-702D-4569-8248-B3640EE7A7B5}.Release|ARM.Build.0 = Release|Any CPU
		{C473DD5D-702D-4569-8248-B3640EE7A7B5}.Release|ARM64.ActiveCfg = Release|Any CPU
		{C473DD5D-702D-4569-8248-B3640EE7A7B5}.Release|ARM64.Build.0 = Release|Any CPU
		{C473DD5D-702D-4569-8248-B3640EE7A7B5}.Release|x64.ActiveCfg = Release|Any CPU
		{C473DD5D-702D-4569-8248-B3640EE7A7B5}.Release|x64.Build.0 = Release|Any CPU
		{C473DD5D-702D-4569-8248-B3640EE7A7B5}.Release|x86.ActiveCfg = Release|Win32
		{C473DD5D-702D-4569-8248-B3640EE7A7B5}.Release|x86.Build.0 = Release|Win32
		{A14D82AB-3344-4D0F-98F0-43E1FDAF1BAA}.Debug|Any CPU.ActiveCfg = Debug
		{A14D82AB-3344-4D0F-98F0-43E1FDAF1BAA}.Debug|Any CPU.Build.0 = Debug
		{A14D82AB-3344-4D0F-98F0-43E1FDAF1BAA}.Debug|ARM.ActiveCfg = Debug
		{A14D82AB-3344-4D0F-98F0-43E1FDAF1BAA}.Debug|ARM.Build.0 = Debug
		{A14D82AB-3344-4D0F-98F0-43E1FDAF1BAA}.Debug|ARM64.ActiveCfg = Debug
		{A14D82AB-3344-4D0F-98F0-43E1FDAF1BAA}.Debug|ARM64.Build.0 = Debug
		{A14D82AB-3344-4D0F-98F0-43E1FDAF1BAA}.Debug|x64.ActiveCfg = Debug
		{A14D82AB-3344-4D0F-98F0-43E1FDAF1BAA}.Debug|x64.Build.0 = Debug
		{A14D82AB-3344-4D0F-98F0-43E1FDAF1BAA}.Debug|x86.ActiveCfg = Debug
		{A14D82AB-3344-4D0F-98F0-43E1FDAF1BAA}.Debug|x86.Build.0 = Debug
		{A14D82AB-3344-4D0F-98F0-43E1FDAF1BAA}.Release|Any CPU.ActiveCfg = Release
		{A14D82AB-3344-4D0F-98F0-43E1FDAF1BAA}.Release|Any CPU.Build.0 = Release
		{A14D82AB-3344-4D0F-98F0-43E1FDAF1BAA}.Release|ARM.ActiveCfg = Release
		{A14D82AB-3344-4D0F-98F0-43E1FDAF1BAA}.Release|ARM.Build.0 = Release
		{A14D82AB-3344-4D0F-98F0-43E1FDAF1BAA}.Release|ARM64.ActiveCfg = Release
		{A14D82AB-3344-4D0F-98F0-43E1FDAF1BAA}.Release|ARM64.Build.0 = Release
		{A14D82AB-3344-4D0F-98F0-43E1FDAF1BAA}.Release|x64.ActiveCfg = Release
		{A14D82AB-3344-4D0F-98F0-43E1FDAF1BAA}.Release|x64.Build.0 = Release
		{A14D82AB-3344-4D0F-98F0-43E1FDAF1BAA}.Release|x86.ActiveCfg = Release
		{A14D82AB-3344-4D0F-98F0-43E1FDAF1BAA}.Release|x86.Build.0 = Release
	EndGlobalSection
	GlobalSection(SolutionProperties) = preSolution
		HideSolutionNode = FALSE
	EndGlobalSection
	GlobalSection(ExtensibilityGlobals) = postSolution
		SolutionGuid = {E375CB72-7F92-42DB-AFF4-9E8C0688C324}
	EndGlobalSection
EndGlobal
